
Microsoft Visual Studio Solution File, Format Version 12.00
# Visual Studio 15
VisualStudioVersion = 15.0.27130.2027
MinimumVisualStudioVersion = 10.0.40219.1
Project("{9A19103F-16F7-4668-BE54-9A1E7A4F7556}") = "Discord Bot", "Discord Bot\Discord Bot.csproj", "{C5272259-973D-428F-9D0B-7F2DF6CD9EF1}"
EndProject
Global
	GlobalSection(SolutionConfigurationPlatforms) = preSolution
		Debug|Any CPU = Debug|Any CPU
		Release|Any CPU = Release|Any CPU
	EndGlobalSection
	GlobalSection(ProjectConfigurationPlatforms) = postSolution
		{C5272259-973D-428F-9D0B-7F2DF6CD9EF1}.Debug|Any CPU.ActiveCfg = Debug|Any CPU
		{C5272259-973D-428F-9D0B-7F2DF6CD9EF1}.Debug|Any CPU.Build.0 = Debug|Any CPU
		{C5272259-973D-428F-9D0B-7F2DF6CD9EF1}.Release|Any CPU.ActiveCfg = Release|Any CPU
		{C5272259-973D-428F-9D0B-7F2DF6CD9EF1}.Release|Any CPU.Build.0 = Release|Any CPU
	EndGlobalSection
	GlobalSection(SolutionProperties) = preSolution
		HideSolutionNode = FALSE
	EndGlobalSection
	GlobalSection(ExtensibilityGlobals) = postSolution
		SolutionGuid = {3F8CD4C1-779E-4893-8301-794D06B15DF1}
	EndGlobalSection
EndGlobal
